
Microsoft Visual Studio Solution File, Format Version 12.00
# Visual Studio Version 17
VisualStudioVersion = 17.7.34031.279
MinimumVisualStudioVersion = 10.0.40219.1
Project("{FAE04EC0-301F-11D3-BF4B-00C04F79EFBC}") = "WebApplication3", "WebApplication3\WebApplication3.csproj", "{548B08F2-6BC6-4C61-9C20-C22B7690FD7B}"
EndProject
Global
	GlobalSection(SolutionConfigurationPlatforms) = preSolution
		Debug|Any CPU = Debug|Any CPU
		Release|Any CPU = Release|Any CPU
	EndGlobalSection
	GlobalSection(ProjectConfigurationPlatforms) = postSolution
		{548B08F2-6BC6-4C61-9C20-C22B7690FD7B}.Debug|Any CPU.ActiveCfg = Debug|Any CPU
		{548B08F2-6BC6-4C61-9C20-C22B7690FD7B}.Debug|Any CPU.Build.0 = Debug|Any CPU
		{548B08F2-6BC6-4C61-9C20-C22B7690FD7B}.Release|Any CPU.ActiveCfg = Release|Any CPU
		{548B08F2-6BC6-4C61-9C20-C22B7690FD7B}.Release|Any CPU.Build.0 = Release|Any CPU
	EndGlobalSection
	GlobalSection(SolutionProperties) = preSolution
		HideSolutionNode = FALSE
	EndGlobalSection
	GlobalSection(ExtensibilityGlobals) = postSolution
		SolutionGuid = {5D9C195E-F4A4-4727-8C64-807E2B678DE1}
	EndGlobalSection
EndGlobal
